
Microsoft Visual Studio Solution File, Format Version 12.00
# Visual Studio Version 17
VisualStudioVersion = 17.13.35818.85
MinimumVisualStudioVersion = 10.0.40219.1
Project("{FAE04EC0-301F-11D3-BF4B-00C04F79EFBC}") = "WarehouseManagement.Core", "Back\WarehouseManagement.Core.csproj", "{577D3C0D-5691-413D-BB0E-C852FA074C63}"
EndProject
Global
	GlobalSection(SolutionConfigurationPlatforms) = preSolution
		Debug|Any CPU = Debug|Any CPU
		Release|Any CPU = Release|Any CPU
	EndGlobalSection
	GlobalSection(ProjectConfigurationPlatforms) = postSolution
		{577D3C0D-5691-413D-BB0E-C852FA074C63}.Debug|Any CPU.ActiveCfg = Debug|Any CPU
		{577D3C0D-5691-413D-BB0E-C852FA074C63}.Debug|Any CPU.Build.0 = Debug|Any CPU
		{577D3C0D-5691-413D-BB0E-C852FA074C63}.Release|Any CPU.ActiveCfg = Release|Any CPU
		{577D3C0D-5691-413D-BB0E-C852FA074C63}.Release|Any CPU.Build.0 = Release|Any CPU
	EndGlobalSection
	GlobalSection(SolutionProperties) = preSolution
		HideSolutionNode = FALSE
	EndGlobalSection
	GlobalSection(ExtensibilityGlobals) = postSolution
		SolutionGuid = {7C96D2B3-3C97-4A5C-8681-A24F1BB511AB}
	EndGlobalSection
EndGlobal
